lockfileVersion: '6.0'

settings:
  autoInstallPeers: true
  excludeLinksFromLockfile: false

dependencies:
  '@graph-algorithm/minimum-cut':
    specifier: ^2.0.0
    version: 2.0.0
  consola:
    specifier: ^3.2.3
    version: 3.2.3
  dotenv:
    specifier: ^16.3.1
    version: 16.3.1
  heap:
    specifier: ^0.2.7
    version: 0.2.7
  z3-solver:
    specifier: ^4.12.4
    version: 4.12.4

packages:

  /@data-structure/deque@9.0.1:
    resolution: {integrity: sha512-/LSOEPmWGZ10OiKfje06GNDM/fzbY1ZfXyvZKr+/a79ZTlGoTwsQW1uPvtmQDtBzs2h2VbPjHho4zNSP5YH0Zg==}
    dependencies:
      '@failure-abstraction/error': 6.0.1
    dev: false

  /@failure-abstraction/error@6.0.1:
    resolution: {integrity: sha512-KvIHhvwfrgbUduQbk55WRDGL2XcXjDLwleId+pSnK7mUUIY7zMGMy3N+ouDcOFymme48tKDlarKsYj5mEEd3fg==}
    dev: false

  /@graph-algorithm/minimum-cut@2.0.0:
    resolution: {integrity: sha512-FKCejPcMHfr2lM/lTIqT2Yuel97kL2rv4D9UjwHNyL9uB4vqU/cvBEBjCV0tOwKfhCkg5GuBDQqxfjELkOmY0A==}
    dependencies:
      '@heap-data-structure/pairing-heap': 4.0.0
      '@iterable-iterator/list': 1.0.1
      '@iterable-iterator/map': 1.0.1
      '@iterable-iterator/reduce': 1.0.1
      '@iterable-iterator/slice': 1.0.2
      '@total-order/key': 1.0.0
      '@total-order/primitive': 1.0.1
    dev: false

  /@heap-data-structure/pairing-heap@4.0.0:
    resolution: {integrity: sha512-4wmedekJpr+gkktJ7VnmXTBvJWxvHmWtJT7uvS3cl7vzI4iDGaVVMPqdoWWIPZfaDkgd0kprb6XKBGaO7oFe5A==}
    dev: false

  /@iterable-iterator/consume@1.0.1:
    resolution: {integrity: sha512-KVJufzV8/gOnYqrtO4CFdGZopJ5kkUBhzHcbU0iToOv5aTl0igxnsRzCaDSxUgO4q0mDbf9WEfjz4K39cl1iNA==}
    dev: false

  /@iterable-iterator/iter@1.0.1:
    resolution: {integrity: sha512-/C/Ciq69we9C0wvqx0rOdnpXAoSW+UnyIV/ZQrUYDzmtguvUQ4HjiIPcU2Csdh705VS6TMkUhoaBHIGh44V3OA==}
    dev: false

  /@iterable-iterator/list@1.0.1:
    resolution: {integrity: sha512-234a2cf0a0YhD1Ofb3F0xSjXDkqDK1xCiLnXoMUt/DWAt/odAvJToaxEFMemiKlAUvqF6E8MSi2v2UvlIOpBUA==}
    dev: false

  /@iterable-iterator/map@1.0.1:
    resolution: {integrity: sha512-lUvX8/OCYRdof3eZii8ntJUvqW1MlL2ESkIcQj3cagajKVfBIBj058wE4ScrzQl6U2udMva/n2NwP70smdfZ+g==}
    dev: false

  /@iterable-iterator/reduce@1.0.1:
    resolution: {integrity: sha512-/wwXupEhGb0cwVr4MDbuweD5tZ+wtd8fr8HkWwNre1lZn76Utu0um7nnhFpm9Mk3hifZzrH5dcKLhKB3VEuL/g==}
    dependencies:
      '@iterable-iterator/iter': 1.0.1
    dev: false

  /@iterable-iterator/slice@1.0.2:
    resolution: {integrity: sha512-r6Z/RPZz4q8GAmqSDlHjTlHpFMDYmBlNQYZ4Rqp7xjn1ihsFVw+7WYH5ivPk11UbE/Inz1ZuBc01/vqT1F9U/g==}
    dependencies:
      '@data-structure/deque': 9.0.1
      '@iterable-iterator/consume': 1.0.1
      '@iterable-iterator/iter': 1.0.1
    dev: false

  /@total-order/key@1.0.0:
    resolution: {integrity: sha512-IPrGrxeqP6Oe7b1hrjUzDIWqMiLZV1qmlugbburk4neQKNPyjvQD1WKl0cCNepA20bwS/HrCyCCbRHPAsFm2rA==}
    dev: false

  /@total-order/primitive@1.0.1:
    resolution: {integrity: sha512-BXCXyXoQIpdwFkplPRTuxFB0I1GHHia4t22bLAEqjdk48DFwQMwSbHq1EdLA81X/eFC/b6RdVxG4Q+WEcfs0aA==}
    dev: false

  /async-mutex@0.3.2:
    resolution: {integrity: sha512-HuTK7E7MT7jZEh1P9GtRW9+aTWiDWWi9InbZ5hjxrnRa39KS4BW04+xLBhYNS2aXhHUIKZSw3gj4Pn1pj+qGAA==}
    dependencies:
      tslib: 2.6.2
    dev: false

  /consola@3.2.3:
    resolution: {integrity: sha512-I5qxpzLv+sJhTVEoLYNcTW+bThDCPsit0vLNKShZx6rLtpilNpmmeTPaeqJb9ZE9dV3DGaeby6Vuhrw38WjeyQ==}
    engines: {node: ^14.18.0 || >=16.10.0}
    dev: false

  /dotenv@16.3.1:
    resolution: {integrity: sha512-IPzF4w4/Rd94bA9imS68tZBaYyBWSCE47V1RGuMrB94iyTOIEwRmVL2x/4An+6mETpLrKJ5hQkB8W4kFAadeIQ==}
    engines: {node: '>=12'}
    dev: false

  /heap@0.2.7:
    resolution: {integrity: sha512-2bsegYkkHO+h/9MGbn6KWcE45cHZgPANo5LXF7EvWdT0yT2EguSVO1nDgU5c8+ZOPwp2vMNa7YFsJhVcDR9Sdg==}
    dev: false

  /tslib@2.6.2:
    resolution: {integrity: sha512-AEYxH93jGFPn/a2iVAwW87VuUIkR1FVUKB77NwMF7nBTDkDrrT/Hpt/IrCJ0QXhW27jTBDcf5ZY7w6RiqTMw2Q==}
    dev: false

  /z3-solver@4.12.4:
    resolution: {integrity: sha512-B9ymul40bvtGSW0OQYfcYan1EhGm0JV/HgbO24JikIhuEOUv2+mdcOVd4V3q89UOx2mA0MOv+6d5msVF+/yJ6g==}
    engines: {node: '>=16'}
    dependencies:
      async-mutex: 0.3.2
    dev: false
